
Microsoft Visual Studio Solution File, Format Version 12.00
# Visual Studio 15
VisualStudioVersion = 15.0.28307.489
MinimumVisualStudioVersion = 10.0.40219.1
Project("{FAE04EC0-301F-11D3-BF4B-00C04F79EFBC}") = "GraMonolitycznie", "GraMonolitycznie\GraMonolitycznie.csproj", "{64CBACC5-286C-4AA5-9659-D0D08D919CEC}"
EndProject
Global
	GlobalSection(SolutionConfigurationPlatforms) = preSolution
		Debug|Any CPU = Debug|Any CPU
		Release|Any CPU = Release|Any CPU
	EndGlobalSection
	GlobalSection(ProjectConfigurationPlatforms) = postSolution
		{64CBACC5-286C-4AA5-9659-D0D08D919CEC}.Debug|Any CPU.ActiveCfg = Debug|Any CPU
		{64CBACC5-286C-4AA5-9659-D0D08D919CEC}.Debug|Any CPU.Build.0 = Debug|Any CPU
		{64CBACC5-286C-4AA5-9659-D0D08D919CEC}.Release|Any CPU.ActiveCfg = Release|Any CPU
		{64CBACC5-286C-4AA5-9659-D0D08D919CEC}.Release|Any CPU.Build.0 = Release|Any CPU
	EndGlobalSection
	GlobalSection(SolutionProperties) = preSolution
		HideSolutionNode = FALSE
	EndGlobalSection
	GlobalSection(ExtensibilityGlobals) = postSolution
		SolutionGuid = {CA345B2D-21D6-4BB9-A668-0710915D1BA4}
	EndGlobalSection
EndGlobal
